<?xml version="1.0" encoding="utf-8"?>
<Project ToolsVersion="4.0" xmlns="http://schemas.microsoft.com/developer/msbuild/2003">
  <ItemGroup>
    <ClCompile Include="src\common.c" />
    <ClCompile Include="src\file_stream.c" />
    <ClCompile Include="src\ricpak.c" />
    <ClCompile Include="src\pak.c" />
    <ClCompile Include="src\memory_stream.c" />
    <ClCompile Include="src\bit_stream.c" />
  </ItemGroup>
  <ItemGroup>
    <ClInclude Include="src\common.h" />
    <ClInclude Include="src\file_stream.h" />
    <ClInclude Include="src\pak.h" />
    <ClInclude Include="src\memory_stream.h" />
    <ClInclude Include="src\bit_stream.h" />
  </ItemGroup>
  <ItemGroup>
    <Text Include="notes.txt" />
  </ItemGroup>
</Project>